github.com/go-telegram-bot-api/telegram-bot-api/v5 v5.0.0-rc1.0.20200723221353-2f7211a7085f h1:NCXLJvxSMYDsgod9fkJ+oRVoZikQ0OAlBsv4sKBZ0do=
github.com/go-telegram-bot-api/telegram-bot-api/v5 v5.0.0-rc1.0.20200723221353-2f7211a7085f/go.mod h1:5vuHXNtFf+1fp29A6Sp2CbognqHbLhHevgQvkyMooXo=
github.com/technoweenie/multipartstreamer v1.0.1 h1:XRztA5MXiR1TIRHxH2uNxXxaIkKQDeX7m2XsSOlQEnM=
github.com/technoweenie/multipartstreamer v1.0.1/go.mod h1:jNVxdtShOxzAsukZwTSw6MDx5eUJoiEBsSvzDU9uzog=
